# THIS IS AN AUTOGENERATED FILE. DO NOT EDIT THIS FILE DIRECTLY.
# yarn lockfile v1


"@react-oauth/google@^0.11.0":
  version "0.11.0"
  resolved "https://registry.yarnpkg.com/@react-oauth/google/-/google-0.11.0.tgz#9d3814e54fbfc0452525397238ad2372a9aaaef9"
  integrity sha512-yeypwdQCcFIAo43OqVOLBfUXuxmxt3xiybfP9h3smtBW4UeFXFVQDsq+d+GlbZFo0TpONPR2+KCk/KT1/pQnvQ==
